
Microsoft Visual Studio Solution File, Format Version 12.00
# Visual Studio Version 17
VisualStudioVersion = 17.0.32014.148
MinimumVisualStudioVersion = 10.0.40219.1
Project("{9A19103F-16F7-4668-BE54-9A1E7A4F7556}") = "API", "API\API.csproj", "{14458B66-143E-4E20-B1B2-0AF6D2A5D79A}"
EndProject
Project("{FAE04EC0-301F-11D3-BF4B-00C04F79EFBC}") = "MobileCloudEaterApp.UWP", "MobileCloudEaterApp\MobileCloudEaterApp.UWP\MobileCloudEaterApp.UWP.csproj", "{5A889A64-1127-4C7C-8FE1-FFA5044A816D}"
EndProject
Project("{FAE04EC0-301F-11D3-BF4B-00C04F79EFBC}") = "MobileCloudEaterApp.Android", "MobileCloudEaterApp\MobileCloudEaterApp.Android\MobileCloudEaterApp.Android.csproj", "{A822AF91-F4CD-4F41-8514-85E0570EFB77}"
EndProject
Project("{FAE04EC0-301F-11D3-BF4B-00C04F79EFBC}") = "MobileCloudEaterApp.iOS", "MobileCloudEaterApp\MobileCloudEaterApp.iOS\MobileCloudEaterApp.iOS.csproj", "{7FB6B1E4-7364-4492-94F0-8605C8B5C49E}"
EndProject
Project("{9A19103F-16F7-4668-BE54-9A1E7A4F7556}") = "MobileCloudEaterApp", "MobileCloudEaterApp\MobileCloudEaterApp\MobileCloudEaterApp.csproj", "{70B7C56B-D774-4FE2-8973-CFB528C8AD49}"
EndProject
Project("{9A19103F-16F7-4668-BE54-9A1E7A4F7556}") = "UnitTesting", "UnitTesting\UnitTesting.csproj", "{9982EB08-9AB6-43B5-A2B7-363C6B52AF43}"
EndProject
Project("{2150E333-8FDC-42A3-9474-1A3956D46DE8}") = "Solution Items", "Solution Items", "{34D28922-93EC-4B21-8FB7-90E960913D49}"
	ProjectSection(SolutionItems) = preProject
		..\..\.github\workflows\main_eateateateater.yml = ..\..\.github\workflows\main_eateateateater.yml
	EndProjectSection
EndProject
Global
	GlobalSection(SolutionConfigurationPlatforms) = preSolution
		Debug|Any CPU = Debug|Any CPU
		Debug|ARM = Debug|ARM
		Debug|iPhone = Debug|iPhone
		Debug|iPhoneSimulator = Debug|iPhoneSimulator
		Debug|x64 = Debug|x64
		Debug|x86 = Debug|x86
		Release|Any CPU = Release|Any CPU
		Release|ARM = Release|ARM
		Release|iPhone = Release|iPhone
		Release|iPhoneSimulator = Release|iPhoneSimulator
		Release|x64 = Release|x64
		Release|x86 = Release|x86
	EndGlobalSection
	GlobalSection(ProjectConfigurationPlatforms) = postSolution
		{14458B66-143E-4E20-B1B2-0AF6D2A5D79A}.Debug|Any CPU.ActiveCfg = Debug|Any CPU
		{14458B66-143E-4E20-B1B2-0AF6D2A5D79A}.Debug|Any CPU.Build.0 = Debug|Any CPU
		{14458B66-143E-4E20-B1B2-0AF6D2A5D79A}.Debug|ARM.ActiveCfg = Debug|Any CPU
		{14458B66-143E-4E20-B1B2-0AF6D2A5D79A}.Debug|ARM.Build.0 = Debug|Any CPU
		{14458B66-143E-4E20-B1B2-0AF6D2A5D79A}.Debug|iPhone.ActiveCfg = Debug|Any CPU
		{14458B66-143E-4E20-B1B2-0AF6D2A5D79A}.Debug|iPhone.Build.0 = Debug|Any CPU
		{14458B66-143E-4E20-B1B2-0AF6D2A5D79A}.Debug|iPhoneSimulator.ActiveCfg = Debug|Any CPU
		{14458B66-143E-4E20-B1B2-0AF6D2A5D79A}.Debug|iPhoneSimulator.Build.0 = Debug|Any CPU
		{14458B66-143E-4E20-B1B2-0AF6D2A5D79A}.Debug|x64.ActiveCfg = Debug|Any CPU
		{14458B66-143E-4E20-B1B2-0AF6D2A5D79A}.Debug|x64.Build.0 = Debug|Any CPU
		{14458B66-143E-4E20-B1B2-0AF6D2A5D79A}.Debug|x86.ActiveCfg = Debug|Any CPU
		{14458B66-143E-4E20-B1B2-0AF6D2A5D79A}.Debug|x86.Build.0 = Debug|Any CPU
		{14458B66-143E-4E20-B1B2-0AF6D2A5D79A}.Release|Any CPU.ActiveCfg = Release|Any CPU
		{14458B66-143E-4E20-B1B2-0AF6D2A5D79A}.Release|Any CPU.Build.0 = Release|Any CPU
		{14458B66-143E-4E20-B1B2-0AF6D2A5D79A}.Release|ARM.ActiveCfg = Release|Any CPU
		{14458B66-143E-4E20-B1B2-0AF6D2A5D79A}.Release|ARM.Build.0 = Release|Any CPU
		{14458B66-143E-4E20-B1B2-0AF6D2A5D79A}.Release|iPhone.ActiveCfg = Release|Any CPU
		{14458B66-143E-4E20-B1B2-0AF6D2A5D79A}.Release|iPhone.Build.0 = Release|Any CPU
		{14458B66-143E-4E20-B1B2-0AF6D2A5D79A}.Release|iPhoneSimulator.ActiveCfg = Release|Any CPU
		{14458B66-143E-4E20-B1B2-0AF6D2A5D79A}.Release|iPhoneSimulator.Build.0 = Release|Any CPU
		{14458B66-143E-4E20-B1B2-0AF6D2A5D79A}.Release|x64.ActiveCfg = Release|Any CPU
		{14458B66-143E-4E20-B1B2-0AF6D2A5D79A}.Release|x64.Build.0 = Release|Any CPU
		{14458B66-143E-4E20-B1B2-0AF6D2A5D79A}.Release|x86.ActiveCfg = Release|Any CPU
		{14458B66-143E-4E20-B1B2-0AF6D2A5D79A}.Release|x86.Build.0 = Release|Any CPU
		{5A889A64-1127-4C7C-8FE1-FFA5044A816D}.Debug|Any CPU.ActiveCfg = Debug|x64
		{5A889A64-1127-4C7C-8FE1-FFA5044A816D}.Debug|Any CPU.Build.0 = Debug|x64
		{5A889A64-1127-4C7C-8FE1-FFA5044A816D}.Debug|Any CPU.Deploy.0 = Debug|x64
		{5A889A64-1127-4C7C-8FE1-FFA5044A816D}.Debug|ARM.ActiveCfg = Debug|ARM
		{5A889A64-1127-4C7C-8FE1-FFA5044A816D}.Debug|ARM.Build.0 = Debug|ARM
		{5A889A64-1127-4C7C-8FE1-FFA5044A816D}.Debug|ARM.Deploy.0 = Debug|ARM
		{5A889A64-1127-4C7C-8FE1-FFA5044A816D}.Debug|iPhone.ActiveCfg = Debug|x64
		{5A889A64-1127-4C7C-8FE1-FFA5044A816D}.Debug|iPhone.Build.0 = Debug|x64
		{5A889A64-1127-4C7C-8FE1-FFA5044A816D}.Debug|iPhone.Deploy.0 = Debug|x64
		{5A889A64-1127-4C7C-8FE1-FFA5044A816D}.Debug|iPhoneSimulator.ActiveCfg = Debug|x64
		{5A889A64-1127-4C7C-8FE1-FFA5044A816D}.Debug|iPhoneSimulator.Build.0 = Debug|x64
		{5A889A64-1127-4C7C-8FE1-FFA5044A816D}.Debug|iPhoneSimulator.Deploy.0 = Debug|x64
		{5A889A64-1127-4C7C-8FE1-FFA5044A816D}.Debug|x64.ActiveCfg = Debug|x64
		{5A889A64-1127-4C7C-8FE1-FFA5044A816D}.Debug|x64.Build.0 = Debug|x64
		{5A889A64-1127-4C7C-8FE1-FFA5044A816D}.Debug|x64.Deploy.0 = Debug|x64
		{5A889A64-1127-4C7C-8FE1-FFA5044A816D}.Debug|x86.ActiveCfg = Debug|x86
		{5A889A64-1127-4C7C-8FE1-FFA5044A816D}.Debug|x86.Build.0 = Debug|x86
		{5A889A64-1127-4C7C-8FE1-FFA5044A816D}.Debug|x86.Deploy.0 = Debug|x86
		{5A889A64-1127-4C7C-8FE1-FFA5044A816D}.Release|Any CPU.ActiveCfg = Release|x64
		{5A889A64-1127-4C7C-8FE1-FFA5044A816D}.Release|Any CPU.Build.0 = Release|x64
		{5A889A64-1127-4C7C-8FE1-FFA5044A816D}.Release|Any CPU.Deploy.0 = Release|x64
		{5A889A64-1127-4C7C-8FE1-FFA5044A816D}.Release|ARM.ActiveCfg = Release|ARM
		{5A889A64-1127-4C7C-8FE1-FFA5044A816D}.Release|ARM.Build.0 = Release|ARM
		{5A889A64-1127-4C7C-8FE1-FFA5044A816D}.Release|ARM.Deploy.0 = Release|ARM
		{5A889A64-1127-4C7C-8FE1-FFA5044A816D}.Release|iPhone.ActiveCfg = Release|x64
		{5A889A64-1127-4C7C-8FE1-FFA5044A816D}.Release|iPhone.Build.0 = Release|x64
		{5A889A64-1127-4C7C-8FE1-FFA5044A816D}.Release|iPhone.Deploy.0 = Release|x64
		{5A889A64-1127-4C7C-8FE1-FFA5044A816D}.Release|iPhoneSimulator.ActiveCfg = Release|x64
		{5A889A64-1127-4C7C-8FE1-FFA5044A816D}.Release|iPhoneSimulator.Build.0 = Release|x64
		{5A889A64-1127-4C7C-8FE1-FFA5044A816D}.Release|iPhoneSimulator.Deploy.0 = Release|x64
		{5A889A64-1127-4C7C-8FE1-FFA5044A816D}.Release|x64.ActiveCfg = Release|x64
		{5A889A64-1127-4C7C-8FE1-FFA5044A816D}.Release|x64.Build.0 = Release|x64
		{5A889A64-1127-4C7C-8FE1-FFA5044A816D}.Release|x64.Deploy.0 = Release|x64
		{5A889A64-1127-4C7C-8FE1-FFA5044A816D}.Release|x86.ActiveCfg = Release|x86
		{5A889A64-1127-4C7C-8FE1-FFA5044A816D}.Release|x86.Build.0 = Release|x86
		{5A889A64-1127-4C7C-8FE1-FFA5044A816D}.Release|x86.Deploy.0 = Release|x86
		{A822AF91-F4CD-4F41-8514-85E0570EFB77}.Debug|Any CPU.ActiveCfg = Debug|Any CPU
		{A822AF91-F4CD-4F41-8514-85E0570EFB77}.Debug|Any CPU.Build.0 = Debug|Any CPU
		{A822AF91-F4CD-4F41-8514-85E0570EFB77}.Debug|Any CPU.Deploy.0 = Debug|Any CPU
		{A822AF91-F4CD-4F41-8514-85E0570EFB77}.Debug|ARM.ActiveCfg = Debug|Any CPU
		{A822AF91-F4CD-4F41-8514-85E0570EFB77}.Debug|ARM.Build.0 = Debug|Any CPU
		{A822AF91-F4CD-4F41-8514-85E0570EFB77}.Debug|ARM.Deploy.0 = Debug|Any CPU
		{A822AF91-F4CD-4F41-8514-85E0570EFB77}.Debug|iPhone.ActiveCfg = Debug|Any CPU
		{A822AF91-F4CD-4F41-8514-85E0570EFB77}.Debug|iPhone.Build.0 = Debug|Any CPU
		{A822AF91-F4CD-4F41-8514-85E0570EFB77}.Debug|iPhone.Deploy.0 = Debug|Any CPU
		{A822AF91-F4CD-4F41-8514-85E0570EFB77}.Debug|iPhoneSimulator.ActiveCfg = Debug|Any CPU
		{A822AF91-F4CD-4F41-8514-85E0570EFB77}.Debug|iPhoneSimulator.Build.0 = Debug|Any CPU
		{A822AF91-F4CD-4F41-8514-85E0570EFB77}.Debug|iPhoneSimulator.Deploy.0 = Debug|Any CPU
		{A822AF91-F4CD-4F41-8514-85E0570EFB77}.Debug|x64.ActiveCfg = Debug|Any CPU
		{A822AF91-F4CD-4F41-8514-85E0570EFB77}.Debug|x64.Build.0 = Debug|Any CPU
		{A822AF91-F4CD-4F41-8514-85E0570EFB77}.Debug|x64.Deploy.0 = Debug|Any CPU
		{A822AF91-F4CD-4F41-8514-85E0570EFB77}.Debug|x86.ActiveCfg = Debug|Any CPU
		{A822AF91-F4CD-4F41-8514-85E0570EFB77}.Debug|x86.Build.0 = Debug|Any CPU
		{A822AF91-F4CD-4F41-8514-85E0570EFB77}.Debug|x86.Deploy.0 = Debug|Any CPU
		{A822AF91-F4CD-4F41-8514-85E0570EFB77}.Release|Any CPU.ActiveCfg = Release|Any CPU
		{A822AF91-F4CD-4F41-8514-85E0570EFB77}.Release|Any CPU.Build.0 = Release|Any CPU
		{A822AF91-F4CD-4F41-8514-85E0570EFB77}.Release|Any CPU.Deploy.0 = Release|Any CPU
		{A822AF91-F4CD-4F41-8514-85E0570EFB77}.Release|ARM.ActiveCfg = Release|Any CPU
		{A822AF91-F4CD-4F41-8514-85E0570EFB77}.Release|ARM.Build.0 = Release|Any CPU
		{A822AF91-F4CD-4F41-8514-85E0570EFB77}.Release|ARM.Deploy.0 = Release|Any CPU
		{A822AF91-F4CD-4F41-8514-85E0570EFB77}.Release|iPhone.ActiveCfg = Release|Any CPU
		{A822AF91-F4CD-4F41-8514-85E0570EFB77}.Release|iPhone.Build.0 = Release|Any CPU
		{A822AF91-F4CD-4F41-8514-85E0570EFB77}.Release|iPhone.Deploy.0 = Release|Any CPU
		{A822AF91-F4CD-4F41-8514-85E0570EFB77}.Release|iPhoneSimulator.ActiveCfg = Release|Any CPU
		{A822AF91-F4CD-4F41-8514-85E0570EFB77}.Release|iPhoneSimulator.Build.0 = Release|Any CPU
		{A822AF91-F4CD-4F41-8514-85E0570EFB77}.Release|iPhoneSimulator.Deploy.0 = Release|Any CPU
		{A822AF91-F4CD-4F41-8514-85E0570EFB77}.Release|x64.ActiveCfg = Release|Any CPU
		{A822AF91-F4CD-4F41-8514-85E0570EFB77}.Release|x64.Build.0 = Release|Any CPU
		{A822AF91-F4CD-4F41-8514-85E0570EFB77}.Release|x64.Deploy.0 = Release|Any CPU
		{A822AF91-F4CD-4F41-8514-85E0570EFB77}.Release|x86.ActiveCfg = Release|Any CPU
		{A822AF91-F4CD-4F41-8514-85E0570EFB77}.Release|x86.Build.0 = Release|Any CPU
		{A822AF91-F4CD-4F41-8514-85E0570EFB77}.Release|x86.Deploy.0 = Release|Any CPU
		{7FB6B1E4-7364-4492-94F0-8605C8B5C49E}.Debug|Any CPU.ActiveCfg = Debug|iPhoneSimulator
		{7FB6B1E4-7364-4492-94F0-8605C8B5C49E}.Debug|Any CPU.Build.0 = Debug|iPhoneSimulator
		{7FB6B1E4-7364-4492-94F0-8605C8B5C49E}.Debug|ARM.ActiveCfg = Debug|iPhoneSimulator
		{7FB6B1E4-7364-4492-94F0-8605C8B5C49E}.Debug|ARM.Build.0 = Debug|iPhoneSimulator
		{7FB6B1E4-7364-4492-94F0-8605C8B5C49E}.Debug|iPhone.ActiveCfg = Debug|iPhone
		{7FB6B1E4-7364-4492-94F0-8605C8B5C49E}.Debug|iPhone.Build.0 = Debug|iPhone
		{7FB6B1E4-7364-4492-94F0-8605C8B5C49E}.Debug|iPhoneSimulator.ActiveCfg = Debug|iPhoneSimulator
		{7FB6B1E4-7364-4492-94F0-8605C8B5C49E}.Debug|iPhoneSimulator.Build.0 = Debug|iPhoneSimulator
		{7FB6B1E4-7364-4492-94F0-8605C8B5C49E}.Debug|x64.ActiveCfg = Debug|iPhoneSimulator
		{7FB6B1E4-7364-4492-94F0-8605C8B5C49E}.Debug|x64.Build.0 = Debug|iPhoneSimulator
		{7FB6B1E4-7364-4492-94F0-8605C8B5C49E}.Debug|x86.ActiveCfg = Debug|iPhoneSimulator
		{7FB6B1E4-7364-4492-94F0-8605C8B5C49E}.Debug|x86.Build.0 = Debug|iPhoneSimulator
		{7FB6B1E4-7364-4492-94F0-8605C8B5C49E}.Release|Any CPU.ActiveCfg = Release|iPhoneSimulator
		{7FB6B1E4-7364-4492-94F0-8605C8B5C49E}.Release|Any CPU.Build.0 = Release|iPhoneSimulator
		{7FB6B1E4-7364-4492-94F0-8605C8B5C49E}.Release|ARM.ActiveCfg = Release|iPhoneSimulator
		{7FB6B1E4-7364-4492-94F0-8605C8B5C49E}.Release|ARM.Build.0 = Release|iPhoneSimulator
		{7FB6B1E4-7364-4492-94F0-8605C8B5C49E}.Release|iPhone.ActiveCfg = Release|iPhone
		{7FB6B1E4-7364-4492-94F0-8605C8B5C49E}.Release|iPhone.Build.0 = Release|iPhone
		{7FB6B1E4-7364-4492-94F0-8605C8B5C49E}.Release|iPhoneSimulator.ActiveCfg = Release|iPhoneSimulator
		{7FB6B1E4-7364-4492-94F0-8605C8B5C49E}.Release|iPhoneSimulator.Build.0 = Release|iPhoneSimulator
		{7FB6B1E4-7364-4492-94F0-8605C8B5C49E}.Release|x64.ActiveCfg = Release|iPhoneSimulator
		{7FB6B1E4-7364-4492-94F0-8605C8B5C49E}.Release|x64.Build.0 = Release|iPhoneSimulator
		{7FB6B1E4-7364-4492-94F0-8605C8B5C49E}.Release|x86.ActiveCfg = Release|iPhoneSimulator
		{7FB6B1E4-7364-4492-94F0-8605C8B5C49E}.Release|x86.Build.0 = Release|iPhoneSimulator
		{70B7C56B-D774-4FE2-8973-CFB528C8AD49}.Debug|Any CPU.ActiveCfg = Debug|Any CPU
		{70B7C56B-D774-4FE2-8973-CFB528C8AD49}.Debug|Any CPU.Build.0 = Debug|Any CPU
		{70B7C56B-D774-4FE2-8973-CFB528C8AD49}.Debug|ARM.ActiveCfg = Debug|Any CPU
		{70B7C56B-D774-4FE2-8973-CFB528C8AD49}.Debug|ARM.Build.0 = Debug|Any CPU
		{70B7C56B-D774-4FE2-8973-CFB528C8AD49}.Debug|iPhone.ActiveCfg = Debug|Any CPU
		{70B7C56B-D774-4FE2-8973-CFB528C8AD49}.Debug|iPhone.Build.0 = Debug|Any CPU
		{70B7C56B-D774-4FE2-8973-CFB528C8AD49}.Debug|iPhoneSimulator.ActiveCfg = Debug|Any CPU
		{70B7C56B-D774-4FE2-8973-CFB528C8AD49}.Debug|iPhoneSimulator.Build.0 = Debug|Any CPU
		{70B7C56B-D774-4FE2-8973-CFB528C8AD49}.Debug|x64.ActiveCfg = Debug|Any CPU
		{70B7C56B-D774-4FE2-8973-CFB528C8AD49}.Debug|x64.Build.0 = Debug|Any CPU
		{70B7C56B-D774-4FE2-8973-CFB528C8AD49}.Debug|x86.ActiveCfg = Debug|Any CPU
		{70B7C56B-D774-4FE2-8973-CFB528C8AD49}.Debug|x86.Build.0 = Debug|Any CPU
		{70B7C56B-D774-4FE2-8973-CFB528C8AD49}.Release|Any CPU.ActiveCfg = Release|Any CPU
		{70B7C56B-D774-4FE2-8973-CFB528C8AD49}.Release|Any CPU.Build.0 = Release|Any CPU
		{70B7C56B-D774-4FE2-8973-CFB528C8AD49}.Release|ARM.ActiveCfg = Release|Any CPU
		{70B7C56B-D774-4FE2-8973-CFB528C8AD49}.Release|ARM.Build.0 = Release|Any CPU
		{70B7C56B-D774-4FE2-8973-CFB528C8AD49}.Release|iPhone.ActiveCfg = Release|Any CPU
		{70B7C56B-D774-4FE2-8973-CFB528C8AD49}.Release|iPhone.Build.0 = Release|Any CPU
		{70B7C56B-D774-4FE2-8973-CFB528C8AD49}.Release|iPhoneSimulator.ActiveCfg = Release|Any CPU
		{70B7C56B-D774-4FE2-8973-CFB528C8AD49}.Release|iPhoneSimulator.Build.0 = Release|Any CPU
		{70B7C56B-D774-4FE2-8973-CFB528C8AD49}.Release|x64.ActiveCfg = Release|Any CPU
		{70B7C56B-D774-4FE2-8973-CFB528C8AD49}.Release|x64.Build.0 = Release|Any CPU
		{70B7C56B-D774-4FE2-8973-CFB528C8AD49}.Release|x86.ActiveCfg = Release|Any CPU
		{70B7C56B-D774-4FE2-8973-CFB528C8AD49}.Release|x86.Build.0 = Release|Any CPU
		{9982EB08-9AB6-43B5-A2B7-363C6B52AF43}.Debug|Any CPU.ActiveCfg = Debug|Any CPU
		{9982EB08-9AB6-43B5-A2B7-363C6B52AF43}.Debug|Any CPU.Build.0 = Debug|Any CPU
		{9982EB08-9AB6-43B5-A2B7-363C6B52AF43}.Debug|ARM.ActiveCfg = Debug|Any CPU
		{9982EB08-9AB6-43B5-A2B7-363C6B52AF43}.Debug|ARM.Build.0 = Debug|Any CPU
		{9982EB08-9AB6-43B5-A2B7-363C6B52AF43}.Debug|iPhone.ActiveCfg = Debug|Any CPU
		{9982EB08-9AB6-43B5-A2B7-363C6B52AF43}.Debug|iPhone.Build.0 = Debug|Any CPU
		{9982EB08-9AB6-43B5-A2B7-363C6B52AF43}.Debug|iPhoneSimulator.ActiveCfg = Debug|Any CPU
		{9982EB08-9AB6-43B5-A2B7-363C6B52AF43}.Debug|iPhoneSimulator.Build.0 = Debug|Any CPU
		{9982EB08-9AB6-43B5-A2B7-363C6B52AF43}.Debug|x64.ActiveCfg = Debug|Any CPU
		{9982EB08-9AB6-43B5-A2B7-363C6B52AF43}.Debug|x64.Build.0 = Debug|Any CPU
		{9982EB08-9AB6-43B5-A2B7-363C6B52AF43}.Debug|x86.ActiveCfg = Debug|Any CPU
		{9982EB08-9AB6-43B5-A2B7-363C6B52AF43}.Debug|x86.Build.0 = Debug|Any CPU
		{9982EB08-9AB6-43B5-A2B7-363C6B52AF43}.Release|Any CPU.ActiveCfg = Release|Any CPU
		{9982EB08-9AB6-43B5-A2B7-363C6B52AF43}.Release|Any CPU.Build.0 = Release|Any CPU
		{9982EB08-9AB6-43B5-A2B7-363C6B52AF43}.Release|ARM.ActiveCfg = Release|Any CPU
		{9982EB08-9AB6-43B5-A2B7-363C6B52AF43}.Release|ARM.Build.0 = Release|Any CPU
		{9982EB08-9AB6-43B5-A2B7-363C6B52AF43}.Release|iPhone.ActiveCfg = Release|Any CPU
		{9982EB08-9AB6-43B5-A2B7-363C6B52AF43}.Release|iPhone.Build.0 = Release|Any CPU
		{9982EB08-9AB6-43B5-A2B7-363C6B52AF43}.Release|iPhoneSimulator.ActiveCfg = Release|Any CPU
		{9982EB08-9AB6-43B5-A2B7-363C6B52AF43}.Release|iPhoneSimulator.Build.0 = Release|Any CPU
		{9982EB08-9AB6-43B5-A2B7-363C6B52AF43}.Release|x64.ActiveCfg = Release|Any CPU
		{9982EB08-9AB6-43B5-A2B7-363C6B52AF43}.Release|x64.Build.0 = Release|Any CPU
		{9982EB08-9AB6-43B5-A2B7-363C6B52AF43}.Release|x86.ActiveCfg = Release|Any CPU
		{9982EB08-9AB6-43B5-A2B7-363C6B52AF43}.Release|x86.Build.0 = Release|Any CPU
	EndGlobalSection
	GlobalSection(SolutionProperties) = preSolution
		HideSolutionNode = FALSE
	EndGlobalSection
	GlobalSection(ExtensibilityGlobals) = postSolution
		SolutionGuid = {F82A14A7-6D4B-4CD7-B32D-212096E7C3B1}
	EndGlobalSection
EndGlobal
